
Microsoft Visual Studio Solution File, Format Version 12.00
# Visual Studio Version 17
VisualStudioVersion = 17.2.32630.192
MinimumVisualStudioVersion = 10.0.40219.1
Project("{2150E333-8FDC-42A3-9474-1A3956D46DE8}") = "Solution Items", "Solution Items", "{B598F4B4-2C72-47DF-999F-18298BA2259E}"
	ProjectSection(SolutionItems) = preProject
		Directory.Build.props = Directory.Build.props
		Directory.Packages.props = Directory.Packages.props
		README.md = README.md
		StyleCop.ruleset = StyleCop.ruleset
		.editorconfig = .editorconfig
		ef-migrations.txt = ef-migrations.txt
	EndProjectSection
EndProject
Project("{2150E333-8FDC-42A3-9474-1A3956D46DE8}") = "docs", "docs", "{B1A67D31-0185-4B7D-9F91-C87B2526D33E}"
EndProject
Project("{2150E333-8FDC-42A3-9474-1A3956D46DE8}") = "Api", "Api", "{984A30C4-4E75-41BD-A98C-BF0C8CB0FE5C}"
	ProjectSection(SolutionItems) = preProject
		Docs\Api\Api.Menu.md = Docs\Api\Api.Menu.md
		Docs\Api\Api.Auth.md = Docs\Api\Api.Auth.md
	EndProjectSection
EndProject
Project("{2150E333-8FDC-42A3-9474-1A3956D46DE8}") = "DomainModels", "DomainModels", "{B26B266A-3BD6-4AF4-99DC-1F07CB97ECB9}"
	ProjectSection(SolutionItems) = preProject
		Docs\DomainModels\Aggregates.User.md = Docs\DomainModels\Aggregates.User.md
		Docs\DomainModels\Aggregates.Bill.md = Docs\DomainModels\Aggregates.Bill.md
		Docs\DomainModels\Aggregates.Guest.md = Docs\DomainModels\Aggregates.Guest.md
		Docs\DomainModels\Aggregates.Host.md = Docs\DomainModels\Aggregates.Host.md
		Docs\DomainModels\Aggregates.Dinner.md = Docs\DomainModels\Aggregates.Dinner.md
		Docs\DomainModels\Aggregates.Menu.md = Docs\DomainModels\Aggregates.Menu.md
		Docs\DomainModels\Aggregates.MenuReview.md = Docs\DomainModels\Aggregates.MenuReview.md
	EndProjectSection
EndProject
Project("{2150E333-8FDC-42A3-9474-1A3956D46DE8}") = "requests", "requests", "{F69E3DA8-D07A-439D-8D9B-4AA20B2290F8}"
EndProject
Project("{2150E333-8FDC-42A3-9474-1A3956D46DE8}") = "Menus", "Menus", "{29DEDB78-6288-460B-80E8-BED5CBE24F2B}"
	ProjectSection(SolutionItems) = preProject
		Requests\Menus\CreateMenu.http = Requests\Menus\CreateMenu.http
		Requests\Menus\GetAll.http = Requests\Menus\GetAll.http
	EndProjectSection
EndProject
Project("{2150E333-8FDC-42A3-9474-1A3956D46DE8}") = "Authentication", "Authentication", "{D66A83C7-B206-498F-86EF-23D8F5FE3291}"
	ProjectSection(SolutionItems) = preProject
		Requests\Authentication\Login.http = Requests\Authentication\Login.http
		Requests\Authentication\Register.http = Requests\Authentication\Register.http
	EndProjectSection
EndProject
Project("{2150E333-8FDC-42A3-9474-1A3956D46DE8}") = "src", "src", "{9FEF2E74-1D39-47FB-A239-392C9137D6D0}"
EndProject
Project("{FAE04EC0-301F-11D3-BF4B-00C04F79EFBC}") = "BuberDinner.Api", "src\BuberDinner.Api\BuberDinner.Api.csproj", "{EC952360-E817-4EA4-BE3A-337518004145}"
EndProject
Project("{FAE04EC0-301F-11D3-BF4B-00C04F79EFBC}") = "BuberDinner.Application", "src\BuberDinner.Application\BuberDinner.Application.csproj", "{084CCBEE-1D6F-49BA-A24F-4B47F0A59CDD}"
EndProject
Project("{FAE04EC0-301F-11D3-BF4B-00C04F79EFBC}") = "BuberDinner.Contracts", "src\BuberDinner.Contracts\BuberDinner.Contracts.csproj", "{228878BA-C26E-428A-A83F-DB193EE40414}"
EndProject
Project("{FAE04EC0-301F-11D3-BF4B-00C04F79EFBC}") = "BuberDinner.Domain", "src\BuberDinner.Domain\BuberDinner.Domain.csproj", "{E0F15222-3B03-45E0-A0D5-80E7278990B6}"
EndProject
Project("{FAE04EC0-301F-11D3-BF4B-00C04F79EFBC}") = "BuberDinner.Infrastructure", "src\BuberDinner.Infrastructure\BuberDinner.Infrastructure.csproj", "{5B33D581-5764-40E1-A45E-E2B8D98F7E24}"
EndProject
Project("{FAE04EC0-301F-11D3-BF4B-00C04F79EFBC}") = "BuberDinner.Persistence", "src\BuberDinner.Persistence\BuberDinner.Persistence.csproj", "{21602D5C-75FC-477F-BD72-61469B912945}"
EndProject
Global
	GlobalSection(SolutionConfigurationPlatforms) = preSolution
		Debug|Any CPU = Debug|Any CPU
		Release|Any CPU = Release|Any CPU
	EndGlobalSection
	GlobalSection(ProjectConfigurationPlatforms) = postSolution
		{EC952360-E817-4EA4-BE3A-337518004145}.Debug|Any CPU.ActiveCfg = Debug|Any CPU
		{EC952360-E817-4EA4-BE3A-337518004145}.Debug|Any CPU.Build.0 = Debug|Any CPU
		{EC952360-E817-4EA4-BE3A-337518004145}.Release|Any CPU.ActiveCfg = Release|Any CPU
		{EC952360-E817-4EA4-BE3A-337518004145}.Release|Any CPU.Build.0 = Release|Any CPU
		{084CCBEE-1D6F-49BA-A24F-4B47F0A59CDD}.Debug|Any CPU.ActiveCfg = Debug|Any CPU
		{084CCBEE-1D6F-49BA-A24F-4B47F0A59CDD}.Debug|Any CPU.Build.0 = Debug|Any CPU
		{084CCBEE-1D6F-49BA-A24F-4B47F0A59CDD}.Release|Any CPU.ActiveCfg = Release|Any CPU
		{084CCBEE-1D6F-49BA-A24F-4B47F0A59CDD}.Release|Any CPU.Build.0 = Release|Any CPU
		{228878BA-C26E-428A-A83F-DB193EE40414}.Debug|Any CPU.ActiveCfg = Debug|Any CPU
		{228878BA-C26E-428A-A83F-DB193EE40414}.Debug|Any CPU.Build.0 = Debug|Any CPU
		{228878BA-C26E-428A-A83F-DB193EE40414}.Release|Any CPU.ActiveCfg = Release|Any CPU
		{228878BA-C26E-428A-A83F-DB193EE40414}.Release|Any CPU.Build.0 = Release|Any CPU
		{E0F15222-3B03-45E0-A0D5-80E7278990B6}.Debug|Any CPU.ActiveCfg = Debug|Any CPU
		{E0F15222-3B03-45E0-A0D5-80E7278990B6}.Debug|Any CPU.Build.0 = Debug|Any CPU
		{E0F15222-3B03-45E0-A0D5-80E7278990B6}.Release|Any CPU.ActiveCfg = Release|Any CPU
		{E0F15222-3B03-45E0-A0D5-80E7278990B6}.Release|Any CPU.Build.0 = Release|Any CPU
		{5B33D581-5764-40E1-A45E-E2B8D98F7E24}.Debug|Any CPU.ActiveCfg = Debug|Any CPU
		{5B33D581-5764-40E1-A45E-E2B8D98F7E24}.Debug|Any CPU.Build.0 = Debug|Any CPU
		{5B33D581-5764-40E1-A45E-E2B8D98F7E24}.Release|Any CPU.ActiveCfg = Release|Any CPU
		{5B33D581-5764-40E1-A45E-E2B8D98F7E24}.Release|Any CPU.Build.0 = Release|Any CPU
		{21602D5C-75FC-477F-BD72-61469B912945}.Debug|Any CPU.ActiveCfg = Debug|Any CPU
		{21602D5C-75FC-477F-BD72-61469B912945}.Debug|Any CPU.Build.0 = Debug|Any CPU
		{21602D5C-75FC-477F-BD72-61469B912945}.Release|Any CPU.ActiveCfg = Release|Any CPU
		{21602D5C-75FC-477F-BD72-61469B912945}.Release|Any CPU.Build.0 = Release|Any CPU
	EndGlobalSection
	GlobalSection(SolutionProperties) = preSolution
		HideSolutionNode = FALSE
	EndGlobalSection
	GlobalSection(ExtensibilityGlobals) = postSolution
		SolutionGuid = {4C3190C5-3A62-4E30-BDE1-8E7BF3774EB4}
	EndGlobalSection
	GlobalSection(NestedProjects) = preSolution
		{B1A67D31-0185-4B7D-9F91-C87B2526D33E} = {B598F4B4-2C72-47DF-999F-18298BA2259E}
		{984A30C4-4E75-41BD-A98C-BF0C8CB0FE5C} = {B1A67D31-0185-4B7D-9F91-C87B2526D33E}
		{B26B266A-3BD6-4AF4-99DC-1F07CB97ECB9} = {B1A67D31-0185-4B7D-9F91-C87B2526D33E}
		{F69E3DA8-D07A-439D-8D9B-4AA20B2290F8} = {B598F4B4-2C72-47DF-999F-18298BA2259E}
		{29DEDB78-6288-460B-80E8-BED5CBE24F2B} = {F69E3DA8-D07A-439D-8D9B-4AA20B2290F8}
		{D66A83C7-B206-498F-86EF-23D8F5FE3291} = {F69E3DA8-D07A-439D-8D9B-4AA20B2290F8}
		{EC952360-E817-4EA4-BE3A-337518004145} = {9FEF2E74-1D39-47FB-A239-392C9137D6D0}
		{084CCBEE-1D6F-49BA-A24F-4B47F0A59CDD} = {9FEF2E74-1D39-47FB-A239-392C9137D6D0}
		{228878BA-C26E-428A-A83F-DB193EE40414} = {9FEF2E74-1D39-47FB-A239-392C9137D6D0}
		{E0F15222-3B03-45E0-A0D5-80E7278990B6} = {9FEF2E74-1D39-47FB-A239-392C9137D6D0}
		{5B33D581-5764-40E1-A45E-E2B8D98F7E24} = {9FEF2E74-1D39-47FB-A239-392C9137D6D0}
		{21602D5C-75FC-477F-BD72-61469B912945} = {9FEF2E74-1D39-47FB-A239-392C9137D6D0}
	EndGlobalSection
EndGlobal
